// !$*UTF8*$!
{
	archiveVersion = 1;
	classes = {
	};
	objectVersion = 50;
	objects = {

/* Begin PBXBuildFile section */
		5D1107462577B87B00DBD7D9 /* ColorControlsRegulation.swift in Sources */ = {isa = PBXBuildFile; fileRef = 5D1107452577B87B00DBD7D9 /* ColorControlsRegulation.swift */; };
		5D11074A2577BB2C00DBD7D9 /* Regulation.swift in Sources */ = {isa = PBXBuildFile; fileRef = 5D1107492577BB2C00DBD7D9 /* Regulation.swift */; };
		5D11074D2577BDF300DBD7D9 /* ExposureAdjustRegulation.swift in Sources */ = {isa = PBXBuildFile; fileRef = 5D11074C2577BDF300DBD7D9 /* ExposureAdjustRegulation.swift */; };
		5D1107502577BF1200DBD7D9 /* GammaAdjustRegulation.swift in Sources */ = {isa = PBXBuildFile; fileRef = 5D11074F2577BF1200DBD7D9 /* GammaAdjustRegulation.swift */; };
		5D1107532577C14000DBD7D9 /* HueAdjustRegulation.swift in Sources */ = {isa = PBXBuildFile; fileRef = 5D1107522577C14000DBD7D9 /* HueAdjustRegulation.swift */; };
		5D1107572577C64900DBD7D9 /* TemperatureAndTintRegulation.swift in Sources */ = {isa = PBXBuildFile; fileRef = 5D1107562577C64900DBD7D9 /* TemperatureAndTintRegulation.swift */; };
		5D11075B2577CA8500DBD7D9 /* VibranceRegulation.swift in Sources */ = {isa = PBXBuildFile; fileRef = 5D11075A2577CA8500DBD7D9 /* VibranceRegulation.swift */; };
		5D11075E2577CDD500DBD7D9 /* WhitePointAdjustRegulation.swift in Sources */ = {isa = PBXBuildFile; fileRef = 5D11075D2577CDD500DBD7D9 /* WhitePointAdjustRegulation.swift */; };
		5D11A697254DB5A200A50925 /* SepiaFilter.swift in Sources */ = {isa = PBXBuildFile; fileRef = 5D11A696254DB5A200A50925 /* SepiaFilter.swift */; };
		5D19DC74254F2E8D007445A5 /* VignetteFilter.swift in Sources */ = {isa = PBXBuildFile; fileRef = 5D19DC73254F2E8D007445A5 /* VignetteFilter.swift */; };
		5D19DC7A254F4001007445A5 /* ColorCubeFilter.swift in Sources */ = {isa = PBXBuildFile; fileRef = 5D19DC79254F4001007445A5 /* ColorCubeFilter.swift */; };
		5D19DC7D254F5C6F007445A5 /* ColorInvertFilter.swift in Sources */ = {isa = PBXBuildFile; fileRef = 5D19DC7C254F5C6F007445A5 /* ColorInvertFilter.swift */; };
		5D19DC80254F5D66007445A5 /* ColorMapFilter.swift in Sources */ = {isa = PBXBuildFile; fileRef = 5D19DC7F254F5D66007445A5 /* ColorMapFilter.swift */; };
		5D19DC84254F5EA2007445A5 /* ColorMonochromeFilter.swift in Sources */ = {isa = PBXBuildFile; fileRef = 5D19DC83254F5EA2007445A5 /* ColorMonochromeFilter.swift */; };
		5D19DC87254F6075007445A5 /* ColorPosterizeFilter.swift in Sources */ = {isa = PBXBuildFile; fileRef = 5D19DC86254F6075007445A5 /* ColorPosterizeFilter.swift */; };
		5D19DC8A254F6121007445A5 /* FalseColorFilter.swift in Sources */ = {isa = PBXBuildFile; fileRef = 5D19DC89254F6121007445A5 /* FalseColorFilter.swift */; };
		5D19DC8D254F623E007445A5 /* MaximumComponentFilter.swift in Sources */ = {isa = PBXBuildFile; fileRef = 5D19DC8C254F623E007445A5 /* MaximumComponentFilter.swift */; };
		5D19DC90254F6272007445A5 /* MinimumComponentFilter.swift in Sources */ = {isa = PBXBuildFile; fileRef = 5D19DC8F254F6272007445A5 /* MinimumComponentFilter.swift */; };
		5D19DC93254F62A6007445A5 /* PhotoEffectChromeFilter.swift in Sources */ = {isa = PBXBuildFile; fileRef = 5D19DC92254F62A6007445A5 /* PhotoEffectChromeFilter.swift */; };
		5D19DC96254F62DD007445A5 /* PhotoEffectFadeFilter.swift in Sources */ = {isa = PBXBuildFile; fileRef = 5D19DC95254F62DD007445A5 /* PhotoEffectFadeFilter.swift */; };
		5D19DC99254F6308007445A5 /* PhotoEffectInstantFilter.swift in Sources */ = {isa = PBXBuildFile; fileRef = 5D19DC98254F6308007445A5 /* PhotoEffectInstantFilter.swift */; };
		5D19DC9C254F6348007445A5 /* PhotoEffectMonoFilter.swift in Sources */ = {isa = PBXBuildFile; fileRef = 5D19DC9B254F6348007445A5 /* PhotoEffectMonoFilter.swift */; };
		5D19DC9F254F636D007445A5 /* PhotoEffectNoirFilter.swift in Sources */ = {isa = PBXBuildFile; fileRef = 5D19DC9E254F636D007445A5 /* PhotoEffectNoirFilter.swift */; };
		5D19DCA2254F639D007445A5 /* PhotoEffectProcessFilter.swift in Sources */ = {isa = PBXBuildFile; fileRef = 5D19DCA1254F639D007445A5 /* PhotoEffectProcessFilter.swift */; };
		5D19DCA5254F63C6007445A5 /* PhotoEffectTonalFilter.swift in Sources */ = {isa = PBXBuildFile; fileRef = 5D19DCA4254F63C6007445A5 /* PhotoEffectTonalFilter.swift */; };
		5D19DCA8254F647B007445A5 /* PhotoEffectTransferFilter.swift in Sources */ = {isa = PBXBuildFile; fileRef = 5D19DCA7254F647B007445A5 /* PhotoEffectTransferFilter.swift */; };
		5D19DCAB254F64B9007445A5 /* VignetteEffectFilter.swift in Sources */ = {isa = PBXBuildFile; fileRef = 5D19DCAA254F64B9007445A5 /* VignetteEffectFilter.swift */; };
		5D6FB414255EE64C00300FC7 /* LUTsViewController.swift in Sources */ = {isa = PBXBuildFile; fileRef = 5D6FB413255EE64C00300FC7 /* LUTsViewController.swift */; };
		5DF8E96E254D9BCC00190C46 /* AppDelegate.swift in Sources */ = {isa = PBXBuildFile; fileRef = 5DF8E96D254D9BCC00190C46 /* AppDelegate.swift */; };
		5DF8E972254D9BCC00190C46 /* ViewController.swift in Sources */ = {isa = PBXBuildFile; fileRef = 5DF8E971254D9BCC00190C46 /* ViewController.swift */; };
		5DF8E975254D9BCC00190C46 /* Main.storyboard in Resources */ = {isa = PBXBuildFile; fileRef = 5DF8E973254D9BCC00190C46 /* Main.storyboard */; };
		5DF8E977254D9BCE00190C46 /* Assets.xcassets in Resources */ = {isa = PBXBuildFile; fileRef = 5DF8E976254D9BCE00190C46 /* Assets.xcassets */; };
		5DF8E97A254D9BCE00190C46 /* LaunchScreen.storyboard in Resources */ = {isa = PBXBuildFile; fileRef = 5DF8E978254D9BCE00190C46 /* LaunchScreen.storyboard */; };
		5DF8E989254DA34100190C46 /* Filter.swift in Sources */ = {isa = PBXBuildFile; fileRef = 5DF8E988254DA34100190C46 /* Filter.swift */; };
		5DF8E98C254DAA5600190C46 /* CoreSignalPhotoEditor.swift in Sources */ = {isa = PBXBuildFile; fileRef = 5DF8E98B254DAA5600190C46 /* CoreSignalPhotoEditor.swift */; };
		5F23E4F4256A9E3000EB2D9D /* MainViewController.swift in Sources */ = {isa = PBXBuildFile; fileRef = 5F23E4F3256A9E3000EB2D9D /* MainViewController.swift */; };
		5F23E4F7256AADA400EB2D9D /* FilterCollectionView.swift in Sources */ = {isa = PBXBuildFile; fileRef = 5F23E4F6256AADA400EB2D9D /* FilterCollectionView.swift */; };
		5F23E4FA256AADBC00EB2D9D /* FilterCollectionView.xib in Resources */ = {isa = PBXBuildFile; fileRef = 5F23E4F9256AADBC00EB2D9D /* FilterCollectionView.xib */; };
		5F23E50C256AB0BB00EB2D9D /* FilterModel.swift in Sources */ = {isa = PBXBuildFile; fileRef = 5F23E50B256AB0BB00EB2D9D /* FilterModel.swift */; };
		5F23E512256AB92500EB2D9D /* FilterCollectionViewCell.swift in Sources */ = {isa = PBXBuildFile; fileRef = 5F23E510256AB92500EB2D9D /* FilterCollectionViewCell.swift */; };
		5F23E513256AB92500EB2D9D /* FilterCollectionViewCell.xib in Resources */ = {isa = PBXBuildFile; fileRef = 5F23E511256AB92500EB2D9D /* FilterCollectionViewCell.xib */; };
		5F5A3FCA257029F200A7517E /* FilterViewController.swift in Sources */ = {isa = PBXBuildFile; fileRef = 5F5A3FC9257029F200A7517E /* FilterViewController.swift */; };
		5F5A3FCF25702A3500A7517E /* CustomNavigationController.swift in Sources */ = {isa = PBXBuildFile; fileRef = 5F5A3FCE25702A3500A7517E /* CustomNavigationController.swift */; };
		5F5A3FD425702D4A00A7517E /* ImagePicker.swift in Sources */ = {isa = PBXBuildFile; fileRef = 5F5A3FD325702D4A00A7517E /* ImagePicker.swift */; };
		5FB06A51254F68310037132B /* LUT.swift in Sources */ = {isa = PBXBuildFile; fileRef = 5FB06A50254F68310037132B /* LUT.swift */; };
/* End PBXBuildFile section */

/* Begin PBXFileReference section */
		5D1107452577B87B00DBD7D9 /* ColorControlsRegulation.swift */ = {isa = PBXFileReference; lastKnownFileType = sourcecode.swift; path = ColorControlsRegulation.swift; sourceTree = "<group>"; };
		5D1107492577BB2C00DBD7D9 /* Regulation.swift */ = {isa = PBXFileReference; lastKnownFileType = sourcecode.swift; path = Regulation.swift; sourceTree = "<group>"; };
		5D11074C2577BDF300DBD7D9 /* ExposureAdjustRegulation.swift */ = {isa = PBXFileReference; lastKnownFileType = sourcecode.swift; path = ExposureAdjustRegulation.swift; sourceTree = "<group>"; };
		5D11074F2577BF1200DBD7D9 /* GammaAdjustRegulation.swift */ = {isa = PBXFileReference; lastKnownFileType = sourcecode.swift; path = GammaAdjustRegulation.swift; sourceTree = "<group>"; };
		5D1107522577C14000DBD7D9 /* HueAdjustRegulation.swift */ = {isa = PBXFileReference; lastKnownFileType = sourcecode.swift; path = HueAdjustRegulation.swift; sourceTree = "<group>"; };
		5D1107562577C64900DBD7D9 /* TemperatureAndTintRegulation.swift */ = {isa = PBXFileReference; lastKnownFileType = sourcecode.swift; path = TemperatureAndTintRegulation.swift; sourceTree = "<group>"; };
		5D11075A2577CA8500DBD7D9 /* VibranceRegulation.swift */ = {isa = PBXFileReference; lastKnownFileType = sourcecode.swift; path = VibranceRegulation.swift; sourceTree = "<group>"; };
		5D11075D2577CDD500DBD7D9 /* WhitePointAdjustRegulation.swift */ = {isa = PBXFileReference; lastKnownFileType = sourcecode.swift; path = WhitePointAdjustRegulation.swift; sourceTree = "<group>"; };
		5D11A696254DB5A200A50925 /* SepiaFilter.swift */ = {isa = PBXFileReference; lastKnownFileType = sourcecode.swift; path = SepiaFilter.swift; sourceTree = "<group>"; };
		5D19DC73254F2E8D007445A5 /* VignetteFilter.swift */ = {isa = PBXFileReference; lastKnownFileType = sourcecode.swift; path = VignetteFilter.swift; sourceTree = "<group>"; };
		5D19DC79254F4001007445A5 /* ColorCubeFilter.swift */ = {isa = PBXFileReference; lastKnownFileType = sourcecode.swift; path = ColorCubeFilter.swift; sourceTree = "<group>"; };
		5D19DC7C254F5C6F007445A5 /* ColorInvertFilter.swift */ = {isa = PBXFileReference; lastKnownFileType = sourcecode.swift; path = ColorInvertFilter.swift; sourceTree = "<group>"; };
		5D19DC7F254F5D66007445A5 /* ColorMapFilter.swift */ = {isa = PBXFileReference; lastKnownFileType = sourcecode.swift; path = ColorMapFilter.swift; sourceTree = "<group>"; };
		5D19DC83254F5EA2007445A5 /* ColorMonochromeFilter.swift */ = {isa = PBXFileReference; lastKnownFileType = sourcecode.swift; path = ColorMonochromeFilter.swift; sourceTree = "<group>"; };
		5D19DC86254F6075007445A5 /* ColorPosterizeFilter.swift */ = {isa = PBXFileReference; lastKnownFileType = sourcecode.swift; path = ColorPosterizeFilter.swift; sourceTree = "<group>"; };
		5D19DC89254F6121007445A5 /* FalseColorFilter.swift */ = {isa = PBXFileReference; lastKnownFileType = sourcecode.swift; path = FalseColorFilter.swift; sourceTree = "<group>"; };
		5D19DC8C254F623E007445A5 /* MaximumComponentFilter.swift */ = {isa = PBXFileReference; lastKnownFileType = sourcecode.swift; path = MaximumComponentFilter.swift; sourceTree = "<group>"; };
		5D19DC8F254F6272007445A5 /* MinimumComponentFilter.swift */ = {isa = PBXFileReference; lastKnownFileType = sourcecode.swift; path = MinimumComponentFilter.swift; sourceTree = "<group>"; };
		5D19DC92254F62A6007445A5 /* PhotoEffectChromeFilter.swift */ = {isa = PBXFileReference; lastKnownFileType = sourcecode.swift; path = PhotoEffectChromeFilter.swift; sourceTree = "<group>"; };
		5D19DC95254F62DD007445A5 /* PhotoEffectFadeFilter.swift */ = {isa = PBXFileReference; lastKnownFileType = sourcecode.swift; path = PhotoEffectFadeFilter.swift; sourceTree = "<group>"; };
		5D19DC98254F6308007445A5 /* PhotoEffectInstantFilter.swift */ = {isa = PBXFileReference; lastKnownFileType = sourcecode.swift; path = PhotoEffectInstantFilter.swift; sourceTree = "<group>"; };
		5D19DC9B254F6348007445A5 /* PhotoEffectMonoFilter.swift */ = {isa = PBXFileReference; lastKnownFileType = sourcecode.swift; path = PhotoEffectMonoFilter.swift; sourceTree = "<group>"; };
		5D19DC9E254F636D007445A5 /* PhotoEffectNoirFilter.swift */ = {isa = PBXFileReference; lastKnownFileType = sourcecode.swift; path = PhotoEffectNoirFilter.swift; sourceTree = "<group>"; };
		5D19DCA1254F639D007445A5 /* PhotoEffectProcessFilter.swift */ = {isa = PBXFileReference; lastKnownFileType = sourcecode.swift; path = PhotoEffectProcessFilter.swift; sourceTree = "<group>"; };
		5D19DCA4254F63C6007445A5 /* PhotoEffectTonalFilter.swift */ = {isa = PBXFileReference; lastKnownFileType = sourcecode.swift; path = PhotoEffectTonalFilter.swift; sourceTree = "<group>"; };
		5D19DCA7254F647B007445A5 /* PhotoEffectTransferFilter.swift */ = {isa = PBXFileReference; lastKnownFileType = sourcecode.swift; path = PhotoEffectTransferFilter.swift; sourceTree = "<group>"; };
		5D19DCAA254F64B9007445A5 /* VignetteEffectFilter.swift */ = {isa = PBXFileReference; lastKnownFileType = sourcecode.swift; path = VignetteEffectFilter.swift; sourceTree = "<group>"; };
		5D6FB413255EE64C00300FC7 /* LUTsViewController.swift */ = {isa = PBXFileReference; lastKnownFileType = sourcecode.swift; path = LUTsViewController.swift; sourceTree = "<group>"; };
		5DF8E96A254D9BCC00190C46 /* SignalPhotoEditor.app */ = {isa = PBXFileReference; explicitFileType = wrapper.application; includeInIndex = 0; path = SignalPhotoEditor.app; sourceTree = BUILT_PRODUCTS_DIR; };
		5DF8E96D254D9BCC00190C46 /* AppDelegate.swift */ = {isa = PBXFileReference; lastKnownFileType = sourcecode.swift; path = AppDelegate.swift; sourceTree = "<group>"; };
		5DF8E971254D9BCC00190C46 /* ViewController.swift */ = {isa = PBXFileReference; lastKnownFileType = sourcecode.swift; path = ViewController.swift; sourceTree = "<group>"; };
		5DF8E974254D9BCC00190C46 /* Base */ = {isa = PBXFileReference; lastKnownFileType = file.storyboard; name = Base; path = Base.lproj/Main.storyboard; sourceTree = "<group>"; };
		5DF8E976254D9BCE00190C46 /* Assets.xcassets */ = {isa = PBXFileReference; lastKnownFileType = folder.assetcatalog; path = Assets.xcassets; sourceTree = "<group>"; };
		5DF8E979254D9BCE00190C46 /* Base */ = {isa = PBXFileReference; lastKnownFileType = file.storyboard; name = Base; path = Base.lproj/LaunchScreen.storyboard; sourceTree = "<group>"; };
		5DF8E97B254D9BCE00190C46 /* Info.plist */ = {isa = PBXFileReference; lastKnownFileType = text.plist.xml; path = Info.plist; sourceTree = "<group>"; };
		5DF8E988254DA34100190C46 /* Filter.swift */ = {isa = PBXFileReference; lastKnownFileType = sourcecode.swift; path = Filter.swift; sourceTree = "<group>"; };
		5DF8E98B254DAA5600190C46 /* CoreSignalPhotoEditor.swift */ = {isa = PBXFileReference; lastKnownFileType = sourcecode.swift; path = CoreSignalPhotoEditor.swift; sourceTree = "<group>"; };
		5F23E4F3256A9E3000EB2D9D /* MainViewController.swift */ = {isa = PBXFileReference; lastKnownFileType = sourcecode.swift; path = MainViewController.swift; sourceTree = "<group>"; };
		5F23E4F6256AADA400EB2D9D /* FilterCollectionView.swift */ = {isa = PBXFileReference; lastKnownFileType = sourcecode.swift; path = FilterCollectionView.swift; sourceTree = "<group>"; };
		5F23E4F9256AADBC00EB2D9D /* FilterCollectionView.xib */ = {isa = PBXFileReference; lastKnownFileType = file.xib; path = FilterCollectionView.xib; sourceTree = "<group>"; };
		5F23E50B256AB0BB00EB2D9D /* FilterModel.swift */ = {isa = PBXFileReference; lastKnownFileType = sourcecode.swift; path = FilterModel.swift; sourceTree = "<group>"; };
		5F23E510256AB92500EB2D9D /* FilterCollectionViewCell.swift */ = {isa = PBXFileReference; lastKnownFileType = sourcecode.swift; path = FilterCollectionViewCell.swift; sourceTree = "<group>"; };
		5F23E511256AB92500EB2D9D /* FilterCollectionViewCell.xib */ = {isa = PBXFileReference; lastKnownFileType = file.xib; path = FilterCollectionViewCell.xib; sourceTree = "<group>"; };
		5F5A3FC9257029F200A7517E /* FilterViewController.swift */ = {isa = PBXFileReference; lastKnownFileType = sourcecode.swift; path = FilterViewController.swift; sourceTree = "<group>"; };
		5F5A3FCE25702A3500A7517E /* CustomNavigationController.swift */ = {isa = PBXFileReference; lastKnownFileType = sourcecode.swift; path = CustomNavigationController.swift; sourceTree = "<group>"; };
		5F5A3FD325702D4A00A7517E /* ImagePicker.swift */ = {isa = PBXFileReference; lastKnownFileType = sourcecode.swift; path = ImagePicker.swift; sourceTree = "<group>"; };
		5FB06A50254F68310037132B /* LUT.swift */ = {isa = PBXFileReference; lastKnownFileType = sourcecode.swift; path = LUT.swift; sourceTree = "<group>"; };
/* End PBXFileReference section */

/* Begin PBXFrameworksBuildPhase section */
		5DF8E967254D9BCC00190C46 /* Frameworks */ = {
			isa = PBXFrameworksBuildPhase;
			buildActionMask = 2147483647;
			files = (
			);
			runOnlyForDeploymentPostprocessing = 0;
		};
/* End PBXFrameworksBuildPhase section */

/* Begin PBXGroup section */
		5D1107442577B75100DBD7D9 /* ColorRegulation */ = {
			isa = PBXGroup;
			children = (
				5D1107452577B87B00DBD7D9 /* ColorControlsRegulation.swift */,
				5D11074C2577BDF300DBD7D9 /* ExposureAdjustRegulation.swift */,
				5D11074F2577BF1200DBD7D9 /* GammaAdjustRegulation.swift */,
				5D1107522577C14000DBD7D9 /* HueAdjustRegulation.swift */,
				5D1107562577C64900DBD7D9 /* TemperatureAndTintRegulation.swift */,
				5D11075A2577CA8500DBD7D9 /* VibranceRegulation.swift */,
				5D11075D2577CDD500DBD7D9 /* WhitePointAdjustRegulation.swift */,
			);
			path = ColorRegulation;
			sourceTree = "<group>";
		};
		5D19DC78254F3D27007445A5 /* ColorFilters */ = {
			isa = PBXGroup;
			children = (
				5D11A696254DB5A200A50925 /* SepiaFilter.swift */,
				5D19DC73254F2E8D007445A5 /* VignetteFilter.swift */,
				5D19DCAA254F64B9007445A5 /* VignetteEffectFilter.swift */,
				5D19DC7C254F5C6F007445A5 /* ColorInvertFilter.swift */,
				5D19DC7F254F5D66007445A5 /* ColorMapFilter.swift */,
				5D19DC83254F5EA2007445A5 /* ColorMonochromeFilter.swift */,
				5D19DC86254F6075007445A5 /* ColorPosterizeFilter.swift */,
				5D19DC89254F6121007445A5 /* FalseColorFilter.swift */,
				5D19DC8C254F623E007445A5 /* MaximumComponentFilter.swift */,
				5D19DC8F254F6272007445A5 /* MinimumComponentFilter.swift */,
				5D19DC92254F62A6007445A5 /* PhotoEffectChromeFilter.swift */,
				5D19DC95254F62DD007445A5 /* PhotoEffectFadeFilter.swift */,
				5D19DC98254F6308007445A5 /* PhotoEffectInstantFilter.swift */,
				5D19DC9B254F6348007445A5 /* PhotoEffectMonoFilter.swift */,
				5D19DC9E254F636D007445A5 /* PhotoEffectNoirFilter.swift */,
				5D19DCA1254F639D007445A5 /* PhotoEffectProcessFilter.swift */,
				5D19DCA4254F63C6007445A5 /* PhotoEffectTonalFilter.swift */,
				5D19DCA7254F647B007445A5 /* PhotoEffectTransferFilter.swift */,
				5D19DC79254F4001007445A5 /* ColorCubeFilter.swift */,
			);
			path = ColorFilters;
			sourceTree = "<group>";
		};
		5DF8E961254D9BCC00190C46 = {
			isa = PBXGroup;
			children = (
				5DF8E96C254D9BCC00190C46 /* SignalPhotoEditor */,
				5DF8E96B254D9BCC00190C46 /* Products */,
			);
			sourceTree = "<group>";
		};
		5DF8E96B254D9BCC00190C46 /* Products */ = {
			isa = PBXGroup;
			children = (
				5DF8E96A254D9BCC00190C46 /* SignalPhotoEditor.app */,
			);
			name = Products;
			sourceTree = "<group>";
		};
		5DF8E96C254D9BCC00190C46 /* SignalPhotoEditor */ = {
			isa = PBXGroup;
			children = (
				5DF8E96D254D9BCC00190C46 /* AppDelegate.swift */,
				5DF8E983254D9D5800190C46 /* SignalPhotoEditor */,
				5DF8E982254D9C7400190C46 /* CoreSignalPhotoEditor */,
				5DF8E97B254D9BCE00190C46 /* Info.plist */,
			);
			path = SignalPhotoEditor;
			sourceTree = "<group>";
		};
		5DF8E982254D9C7400190C46 /* CoreSignalPhotoEditor */ = {
			isa = PBXGroup;
			children = (
				5DF8E98B254DAA5600190C46 /* CoreSignalPhotoEditor.swift */,
				5DF8E988254DA34100190C46 /* Filter.swift */,
				5D1107492577BB2C00DBD7D9 /* Regulation.swift */,
				5FB06A50254F68310037132B /* LUT.swift */,
				5D1107442577B75100DBD7D9 /* ColorRegulation */,
				5D19DC78254F3D27007445A5 /* ColorFilters */,
			);
			path = CoreSignalPhotoEditor;
			sourceTree = "<group>";
		};
		5DF8E983254D9D5800190C46 /* SignalPhotoEditor */ = {
			isa = PBXGroup;
			children = (
				5F5A3FCE25702A3500A7517E /* CustomNavigationController.swift */,
				5F5A3FC9257029F200A7517E /* FilterViewController.swift */,
				5F5A3FD325702D4A00A7517E /* ImagePicker.swift */,
				5F23E4FD256AADD900EB2D9D /* FilterCollectionView */,
				5DF8E973254D9BCC00190C46 /* Main.storyboard */,
				5DF8E976254D9BCE00190C46 /* Assets.xcassets */,
				5DF8E978254D9BCE00190C46 /* LaunchScreen.storyboard */,
				5F5A3FCC257029F900A7517E /* OLD */,
			);
			path = SignalPhotoEditor;
			sourceTree = "<group>";
		};
		5F23E4FD256AADD900EB2D9D /* FilterCollectionView */ = {
			isa = PBXGroup;
			children = (
				5F23E50B256AB0BB00EB2D9D /* FilterModel.swift */,
				5F23E4F6256AADA400EB2D9D /* FilterCollectionView.swift */,
				5F23E4F9256AADBC00EB2D9D /* FilterCollectionView.xib */,
				5F84CD40256AD39900F08A9C /* FilterCollectionViewCell */,
			);
			path = FilterCollectionView;
			sourceTree = "<group>";
		};
		5F5A3FCC257029F900A7517E /* OLD */ = {
			isa = PBXGroup;
			children = (
				5DF8E971254D9BCC00190C46 /* ViewController.swift */,
				5D6FB413255EE64C00300FC7 /* LUTsViewController.swift */,
				5F23E4F3256A9E3000EB2D9D /* MainViewController.swift */,
			);
			path = OLD;
			sourceTree = "<group>";
		};
		5F84CD40256AD39900F08A9C /* FilterCollectionViewCell */ = {
			isa = PBXGroup;
			children = (
				5F23E510256AB92500EB2D9D /* FilterCollectionViewCell.swift */,
				5F23E511256AB92500EB2D9D /* FilterCollectionViewCell.xib */,
			);
			path = FilterCollectionViewCell;
			sourceTree = "<group>";
		};
/* End PBXGroup section */

/* Begin PBXNativeTarget section */
		5DF8E969254D9BCC00190C46 /* SignalPhotoEditor */ = {
			isa = PBXNativeTarget;
			buildConfigurationList = 5DF8E97E254D9BCE00190C46 /* Build configuration list for PBXNativeTarget "SignalPhotoEditor" */;
			buildPhases = (
				5DF8E966254D9BCC00190C46 /* Sources */,
				5DF8E967254D9BCC00190C46 /* Frameworks */,
				5DF8E968254D9BCC00190C46 /* Resources */,
			);
			buildRules = (
			);
			dependencies = (
			);
			name = SignalPhotoEditor;
			productName = SignalPhotoEditor;
			productReference = 5DF8E96A254D9BCC00190C46 /* SignalPhotoEditor.app */;
			productType = "com.apple.product-type.application";
		};
/* End PBXNativeTarget section */

/* Begin PBXProject section */
		5DF8E962254D9BCC00190C46 /* Project object */ = {
			isa = PBXProject;
			attributes = {
				LastSwiftUpdateCheck = 1200;
				LastUpgradeCheck = 1200;
				TargetAttributes = {
					5DF8E969254D9BCC00190C46 = {
						CreatedOnToolsVersion = 12.0;
						LastSwiftMigration = 1200;
					};
				};
			};
			buildConfigurationList = 5DF8E965254D9BCC00190C46 /* Build configuration list for PBXProject "SignalPhotoEditor" */;
			compatibilityVersion = "Xcode 9.3";
			developmentRegion = en;
			hasScannedForEncodings = 0;
			knownRegions = (
				en,
				Base,
			);
			mainGroup = 5DF8E961254D9BCC00190C46;
			productRefGroup = 5DF8E96B254D9BCC00190C46 /* Products */;
			projectDirPath = "";
			projectRoot = "";
			targets = (
				5DF8E969254D9BCC00190C46 /* SignalPhotoEditor */,
			);
		};
/* End PBXProject section */

/* Begin PBXResourcesBuildPhase section */
		5DF8E968254D9BCC00190C46 /* Resources */ = {
			isa = PBXResourcesBuildPhase;
			buildActionMask = 2147483647;
			files = (
				5DF8E97A254D9BCE00190C46 /* LaunchScreen.storyboard in Resources */,
				5F23E513256AB92500EB2D9D /* FilterCollectionViewCell.xib in Resources */,
				5DF8E977254D9BCE00190C46 /* Assets.xcassets in Resources */,
				5F23E4FA256AADBC00EB2D9D /* FilterCollectionView.xib in Resources */,
				5DF8E975254D9BCC00190C46 /* Main.storyboard in Resources */,
			);
			runOnlyForDeploymentPostprocessing = 0;
		};
/* End PBXResourcesBuildPhase section */

/* Begin PBXSourcesBuildPhase section */
		5DF8E966254D9BCC00190C46 /* Sources */ = {
			isa = PBXSourcesBuildPhase;
			buildActionMask = 2147483647;
			files = (
				5D6FB414255EE64C00300FC7 /* LUTsViewController.swift in Sources */,
				5F23E4F4256A9E3000EB2D9D /* MainViewController.swift in Sources */,
				5D11075B2577CA8500DBD7D9 /* VibranceRegulation.swift in Sources */,
				5FB06A51254F68310037132B /* LUT.swift in Sources */,
				5D19DC9C254F6348007445A5 /* PhotoEffectMonoFilter.swift in Sources */,
				5D19DCA5254F63C6007445A5 /* PhotoEffectTonalFilter.swift in Sources */,
				5F23E4F7256AADA400EB2D9D /* FilterCollectionView.swift in Sources */,
				5D1107502577BF1200DBD7D9 /* GammaAdjustRegulation.swift in Sources */,
				5D19DC84254F5EA2007445A5 /* ColorMonochromeFilter.swift in Sources */,
				5D19DC8A254F6121007445A5 /* FalseColorFilter.swift in Sources */,
				5DF8E972254D9BCC00190C46 /* ViewController.swift in Sources */,
				5D19DC9F254F636D007445A5 /* PhotoEffectNoirFilter.swift in Sources */,
				5D19DC96254F62DD007445A5 /* PhotoEffectFadeFilter.swift in Sources */,
				5D19DC99254F6308007445A5 /* PhotoEffectInstantFilter.swift in Sources */,
				5D11075E2577CDD500DBD7D9 /* WhitePointAdjustRegulation.swift in Sources */,
				5D19DC93254F62A6007445A5 /* PhotoEffectChromeFilter.swift in Sources */,
				5F5A3FD425702D4A00A7517E /* ImagePicker.swift in Sources */,
				5D19DC74254F2E8D007445A5 /* VignetteFilter.swift in Sources */,
				5D11A697254DB5A200A50925 /* SepiaFilter.swift in Sources */,
				5DF8E989254DA34100190C46 /* Filter.swift in Sources */,
				5DF8E96E254D9BCC00190C46 /* AppDelegate.swift in Sources */,
				5F5A3FCF25702A3500A7517E /* CustomNavigationController.swift in Sources */,
				5D19DC7A254F4001007445A5 /* ColorCubeFilter.swift in Sources */,
				5D19DCA2254F639D007445A5 /* PhotoEffectProcessFilter.swift in Sources */,
				5D11074D2577BDF300DBD7D9 /* ExposureAdjustRegulation.swift in Sources */,
				5DF8E98C254DAA5600190C46 /* CoreSignalPhotoEditor.swift in Sources */,
				5D1107532577C14000DBD7D9 /* HueAdjustRegulation.swift in Sources */,
				5D19DC7D254F5C6F007445A5 /* ColorInvertFilter.swift in Sources */,
				5D1107462577B87B00DBD7D9 /* ColorControlsRegulation.swift in Sources */,
				5D1107572577C64900DBD7D9 /* TemperatureAndTintRegulation.swift in Sources */,
				5D19DC87254F6075007445A5 /* ColorPosterizeFilter.swift in Sources */,
				5D19DC80254F5D66007445A5 /* ColorMapFilter.swift in Sources */,
				5D19DC90254F6272007445A5 /* MinimumComponentFilter.swift in Sources */,
				5D11074A2577BB2C00DBD7D9 /* Regulation.swift in Sources */,
				5F5A3FCA257029F200A7517E /* FilterViewController.swift in Sources */,
				5D19DCA8254F647B007445A5 /* PhotoEffectTransferFilter.swift in Sources */,
				5F23E512256AB92500EB2D9D /* FilterCollectionViewCell.swift in Sources */,
				5F23E50C256AB0BB00EB2D9D /* FilterModel.swift in Sources */,
				5D19DCAB254F64B9007445A5 /* VignetteEffectFilter.swift in Sources */,
				5D19DC8D254F623E007445A5 /* MaximumComponentFilter.swift in Sources */,
			);
			runOnlyForDeploymentPostprocessing = 0;
		};
/* End PBXSourcesBuildPhase section */

/* Begin PBXVariantGroup section */
		5DF8E973254D9BCC00190C46 /* Main.storyboard */ = {
			isa = PBXVariantGroup;
			children = (
				5DF8E974254D9BCC00190C46 /* Base */,
			);
			name = Main.storyboard;
			sourceTree = "<group>";
		};
		5DF8E978254D9BCE00190C46 /* LaunchScreen.storyboard */ = {
			isa = PBXVariantGroup;
			children = (
				5DF8E979254D9BCE00190C46 /* Base */,
			);
			name = LaunchScreen.storyboard;
			sourceTree = "<group>";
		};
/* End PBXVariantGroup section */

/* Begin XCBuildConfiguration section */
		5DF8E97C254D9BCE00190C46 /* Debug */ = {
			isa = XCBuildConfiguration;
			buildSettings = {
				ALWAYS_SEARCH_USER_PATHS = NO;
				CLANG_ANALYZER_NONNULL = YES;
				CLANG_ANALYZER_NUMBER_OBJECT_CONVERSION = YES_AGGRESSIVE;
				CLANG_CXX_LANGUAGE_STANDARD = "gnu++14";
				CLANG_CXX_LIBRARY = "libc++";
				CLANG_ENABLE_MODULES = YES;
				CLANG_ENABLE_OBJC_ARC = YES;
				CLANG_ENABLE_OBJC_WEAK = YES;
				CLANG_WARN_BLOCK_CAPTURE_AUTORELEASING = YES;
				CLANG_WARN_BOOL_CONVERSION = YES;
				CLANG_WARN_COMMA = YES;
				CLANG_WARN_CONSTANT_CONVERSION = YES;
				CLANG_WARN_DEPRECATED_OBJC_IMPLEMENTATIONS = YES;
				CLANG_WARN_DIRECT_OBJC_ISA_USAGE = YES_ERROR;
				CLANG_WARN_DOCUMENTATION_COMMENTS = YES;
				CLANG_WARN_EMPTY_BODY = YES;
				CLANG_WARN_ENUM_CONVERSION = YES;
				CLANG_WARN_INFINITE_RECURSION = YES;
				CLANG_WARN_INT_CONVERSION = YES;
				CLANG_WARN_NON_LITERAL_NULL_CONVERSION = YES;
				CLANG_WARN_OBJC_IMPLICIT_RETAIN_SELF = YES;
				CLANG_WARN_OBJC_LITERAL_CONVERSION = YES;
				CLANG_WARN_OBJC_ROOT_CLASS = YES_ERROR;
				CLANG_WARN_QUOTED_INCLUDE_IN_FRAMEWORK_HEADER = YES;
				CLANG_WARN_RANGE_LOOP_ANALYSIS = YES;
				CLANG_WARN_STRICT_PROTOTYPES = YES;
				CLANG_WARN_SUSPICIOUS_MOVE = YES;
				CLANG_WARN_UNGUARDED_AVAILABILITY = YES_AGGRESSIVE;
				CLANG_WARN_UNREACHABLE_CODE = YES;
				CLANG_WARN__DUPLICATE_METHOD_MATCH = YES;
				COPY_PHASE_STRIP = NO;
				DEBUG_INFORMATION_FORMAT = dwarf;
				ENABLE_STRICT_OBJC_MSGSEND = YES;
				ENABLE_TESTABILITY = YES;
				GCC_C_LANGUAGE_STANDARD = gnu11;
				GCC_DYNAMIC_NO_PIC = NO;
				GCC_NO_COMMON_BLOCKS = YES;
				GCC_OPTIMIZATION_LEVEL = 0;
				GCC_PREPROCESSOR_DEFINITIONS = (
					"DEBUG=1",
					"$(inherited)",
				);
				GCC_WARN_64_TO_32_BIT_CONVERSION = YES;
				GCC_WARN_ABOUT_RETURN_TYPE = YES_ERROR;
				GCC_WARN_UNDECLARED_SELECTOR = YES;
				GCC_WARN_UNINITIALIZED_AUTOS = YES_AGGRESSIVE;
				GCC_WARN_UNUSED_FUNCTION = YES;
				GCC_WARN_UNUSED_VARIABLE = YES;
				IPHONEOS_DEPLOYMENT_TARGET = 14.0;
				MTL_ENABLE_DEBUG_INFO = INCLUDE_SOURCE;
				MTL_FAST_MATH = YES;
				ONLY_ACTIVE_ARCH = YES;
				SDKROOT = iphoneos;
				SWIFT_ACTIVE_COMPILATION_CONDITIONS = DEBUG;
				SWIFT_OPTIMIZATION_LEVEL = "-Onone";
			};
			name = Debug;
		};
		5DF8E97D254D9BCE00190C46 /* Release */ = {
			isa = XCBuildConfiguration;
			buildSettings = {
				ALWAYS_SEARCH_USER_PATHS = NO;
				CLANG_ANALYZER_NONNULL = YES;
				CLANG_ANALYZER_NUMBER_OBJECT_CONVERSION = YES_AGGRESSIVE;
				CLANG_CXX_LANGUAGE_STANDARD = "gnu++14";
				CLANG_CXX_LIBRARY = "libc++";
				CLANG_ENABLE_MODULES = YES;
				CLANG_ENABLE_OBJC_ARC = YES;
				CLANG_ENABLE_OBJC_WEAK = YES;
				CLANG_WARN_BLOCK_CAPTURE_AUTORELEASING = YES;
				CLANG_WARN_BOOL_CONVERSION = YES;
				CLANG_WARN_COMMA = YES;
				CLANG_WARN_CONSTANT_CONVERSION = YES;
				CLANG_WARN_DEPRECATED_OBJC_IMPLEMENTATIONS = YES;
				CLANG_WARN_DIRECT_OBJC_ISA_USAGE = YES_ERROR;
				CLANG_WARN_DOCUMENTATION_COMMENTS = YES;
				CLANG_WARN_EMPTY_BODY = YES;
				CLANG_WARN_ENUM_CONVERSION = YES;
				CLANG_WARN_INFINITE_RECURSION = YES;
				CLANG_WARN_INT_CONVERSION = YES;
				CLANG_WARN_NON_LITERAL_NULL_CONVERSION = YES;
				CLANG_WARN_OBJC_IMPLICIT_RETAIN_SELF = YES;
				CLANG_WARN_OBJC_LITERAL_CONVERSION = YES;
				CLANG_WARN_OBJC_ROOT_CLASS = YES_ERROR;
				CLANG_WARN_QUOTED_INCLUDE_IN_FRAMEWORK_HEADER = YES;
				CLANG_WARN_RANGE_LOOP_ANALYSIS = YES;
				CLANG_WARN_STRICT_PROTOTYPES = YES;
				CLANG_WARN_SUSPICIOUS_MOVE = YES;
				CLANG_WARN_UNGUARDED_AVAILABILITY = YES_AGGRESSIVE;
				CLANG_WARN_UNREACHABLE_CODE = YES;
				CLANG_WARN__DUPLICATE_METHOD_MATCH = YES;
				COPY_PHASE_STRIP = NO;
				DEBUG_INFORMATION_FORMAT = "dwarf-with-dsym";
				ENABLE_NS_ASSERTIONS = NO;
				ENABLE_STRICT_OBJC_MSGSEND = YES;
				GCC_C_LANGUAGE_STANDARD = gnu11;
				GCC_NO_COMMON_BLOCKS = YES;
				GCC_WARN_64_TO_32_BIT_CONVERSION = YES;
				GCC_WARN_ABOUT_RETURN_TYPE = YES_ERROR;
				GCC_WARN_UNDECLARED_SELECTOR = YES;
				GCC_WARN_UNINITIALIZED_AUTOS = YES_AGGRESSIVE;
				GCC_WARN_UNUSED_FUNCTION = YES;
				GCC_WARN_UNUSED_VARIABLE = YES;
				IPHONEOS_DEPLOYMENT_TARGET = 14.0;
				MTL_ENABLE_DEBUG_INFO = NO;
				MTL_FAST_MATH = YES;
				SDKROOT = iphoneos;
				SWIFT_COMPILATION_MODE = wholemodule;
				SWIFT_OPTIMIZATION_LEVEL = "-O";
				VALIDATE_PRODUCT = YES;
			};
			name = Release;
		};
		5DF8E97F254D9BCE00190C46 /* Debug */ = {
			isa = XCBuildConfiguration;
			buildSettings = {
				ASSETCATALOG_COMPILER_APPICON_NAME = AppIcon;
				ASSETCATALOG_COMPILER_GLOBAL_ACCENT_COLOR_NAME = AccentColor;
				CLANG_ENABLE_MODULES = YES;
				CODE_SIGN_STYLE = Automatic;
				DEVELOPMENT_TEAM = M92VXVU7J9;
				INFOPLIST_FILE = SignalPhotoEditor/Info.plist;
				LD_RUNPATH_SEARCH_PATHS = (
					"$(inherited)",
					"@executable_path/Frameworks",
				);
				PRODUCT_BUNDLE_IDENTIFIER = com.KPIProjects.SignalPhotoEditor;
				PRODUCT_NAME = "$(TARGET_NAME)";
				SWIFT_OBJC_BRIDGING_HEADER = "";
				SWIFT_OPTIMIZATION_LEVEL = "-Onone";
				SWIFT_PRECOMPILE_BRIDGING_HEADER = YES;
				SWIFT_VERSION = 5.0;
				TARGETED_DEVICE_FAMILY = "1,2";
			};
			name = Debug;
		};
		5DF8E980254D9BCE00190C46 /* Release */ = {
			isa = XCBuildConfiguration;
			buildSettings = {
				ASSETCATALOG_COMPILER_APPICON_NAME = AppIcon;
				ASSETCATALOG_COMPILER_GLOBAL_ACCENT_COLOR_NAME = AccentColor;
				CLANG_ENABLE_MODULES = YES;
				CODE_SIGN_STYLE = Automatic;
				DEVELOPMENT_TEAM = M92VXVU7J9;
				INFOPLIST_FILE = SignalPhotoEditor/Info.plist;
				LD_RUNPATH_SEARCH_PATHS = (
					"$(inherited)",
					"@executable_path/Frameworks",
				);
				PRODUCT_BUNDLE_IDENTIFIER = com.KPIProjects.SignalPhotoEditor;
				PRODUCT_NAME = "$(TARGET_NAME)";
				SWIFT_OBJC_BRIDGING_HEADER = "";
				SWIFT_PRECOMPILE_BRIDGING_HEADER = YES;
				SWIFT_VERSION = 5.0;
				TARGETED_DEVICE_FAMILY = "1,2";
			};
			name = Release;
		};
/* End XCBuildConfiguration section */

/* Begin XCConfigurationList section */
		5DF8E965254D9BCC00190C46 /* Build configuration list for PBXProject "SignalPhotoEditor" */ = {
			isa = XCConfigurationList;
			buildConfigurations = (
				5DF8E97C254D9BCE00190C46 /* Debug */,
				5DF8E97D254D9BCE00190C46 /* Release */,
			);
			defaultConfigurationIsVisible = 0;
			defaultConfigurationName = Release;
		};
		5DF8E97E254D9BCE00190C46 /* Build configuration list for PBXNativeTarget "SignalPhotoEditor" */ = {
			isa = XCConfigurationList;
			buildConfigurations = (
				5DF8E97F254D9BCE00190C46 /* Debug */,
				5DF8E980254D9BCE00190C46 /* Release */,
			);
			defaultConfigurationIsVisible = 0;
			defaultConfigurationName = Release;
		};
/* End XCConfigurationList section */
	};
	rootObject = 5DF8E962254D9BCC00190C46 /* Project object */;
}
